
Microsoft Visual Studio Solution File, Format Version 12.00
# Visual Studio Version 17
VisualStudioVersion = 17.9.34723.18
MinimumVisualStudioVersion = 10.0.40219.1
Project("{9A19103F-16F7-4668-BE54-9A1E7A4F7556}") = "WatchWave.Api", "WatchWave.Api\WatchWave.Api.csproj", "{E3CBF873-3B32-47E1-98BF-F52B0CF4FADC}"
EndProject
Project("{FAE04EC0-301F-11D3-BF4B-00C04F79EFBC}") = "WatchWave.Api.Infrastructure.Build", "WatchWave.Api.Infrastructure.Build\WatchWave.Api.Infrastructure.Build.csproj", "{76B6EDF4-7382-40AB-A3B5-E2F97033489A}"
EndProject
Project("{FAE04EC0-301F-11D3-BF4B-00C04F79EFBC}") = "WatchWave.Api.Tests.Unit", "WatchWave.Api.Tests.Unit\WatchWave.Api.Tests.Unit.csproj", "{83FEC6C8-7CF7-4F80-9F9B-5F42C8D982AB}"
EndProject
Global
	GlobalSection(SolutionConfigurationPlatforms) = preSolution
		Debug|Any CPU = Debug|Any CPU
		Release|Any CPU = Release|Any CPU
	EndGlobalSection
	GlobalSection(ProjectConfigurationPlatforms) = postSolution
		{E3CBF873-3B32-47E1-98BF-F52B0CF4FADC}.Debug|Any CPU.ActiveCfg = Debug|Any CPU
		{E3CBF873-3B32-47E1-98BF-F52B0CF4FADC}.Debug|Any CPU.Build.0 = Debug|Any CPU
		{E3CBF873-3B32-47E1-98BF-F52B0CF4FADC}.Release|Any CPU.ActiveCfg = Release|Any CPU
		{E3CBF873-3B32-47E1-98BF-F52B0CF4FADC}.Release|Any CPU.Build.0 = Release|Any CPU
		{76B6EDF4-7382-40AB-A3B5-E2F97033489A}.Debug|Any CPU.ActiveCfg = Debug|Any CPU
		{76B6EDF4-7382-40AB-A3B5-E2F97033489A}.Debug|Any CPU.Build.0 = Debug|Any CPU
		{76B6EDF4-7382-40AB-A3B5-E2F97033489A}.Release|Any CPU.ActiveCfg = Release|Any CPU
		{76B6EDF4-7382-40AB-A3B5-E2F97033489A}.Release|Any CPU.Build.0 = Release|Any CPU
		{83FEC6C8-7CF7-4F80-9F9B-5F42C8D982AB}.Debug|Any CPU.ActiveCfg = Debug|Any CPU
		{83FEC6C8-7CF7-4F80-9F9B-5F42C8D982AB}.Debug|Any CPU.Build.0 = Debug|Any CPU
		{83FEC6C8-7CF7-4F80-9F9B-5F42C8D982AB}.Release|Any CPU.ActiveCfg = Release|Any CPU
		{83FEC6C8-7CF7-4F80-9F9B-5F42C8D982AB}.Release|Any CPU.Build.0 = Release|Any CPU
	EndGlobalSection
	GlobalSection(SolutionProperties) = preSolution
		HideSolutionNode = FALSE
	EndGlobalSection
	GlobalSection(ExtensibilityGlobals) = postSolution
		SolutionGuid = {0AE5145A-3EEC-4BFB-817A-50296D029954}
	EndGlobalSection
EndGlobal
